
Microsoft Visual Studio Solution File, Format Version 12.00
# Visual Studio Version 16
VisualStudioVersion = 16.0.31624.102
MinimumVisualStudioVersion = 10.0.40219.1
Project("{FAE04EC0-301F-11D3-BF4B-00C04F79EFBC}") = "InClassVoting", "InClassVoting.csproj", "{72CAB2FA-46F8-48FA-8B4E-4540C0C9C7A9}"
EndProject
Global
	GlobalSection(SolutionConfigurationPlatforms) = preSolution
		Debug|Any CPU = Debug|Any CPU
		Release|Any CPU = Release|Any CPU
	EndGlobalSection
	GlobalSection(ProjectConfigurationPlatforms) = postSolution
		{72CAB2FA-46F8-48FA-8B4E-4540C0C9C7A9}.Debug|Any CPU.ActiveCfg = Debug|Any CPU
		{72CAB2FA-46F8-48FA-8B4E-4540C0C9C7A9}.Debug|Any CPU.Build.0 = Debug|Any CPU
		{72CAB2FA-46F8-48FA-8B4E-4540C0C9C7A9}.Release|Any CPU.ActiveCfg = Release|Any CPU
		{72CAB2FA-46F8-48FA-8B4E-4540C0C9C7A9}.Release|Any CPU.Build.0 = Release|Any CPU
	EndGlobalSection
	GlobalSection(SolutionProperties) = preSolution
		HideSolutionNode = FALSE
	EndGlobalSection
	GlobalSection(ExtensibilityGlobals) = postSolution
		SolutionGuid = {A2B09500-8C4D-486D-92FC-370BE7E7CBD0}
	EndGlobalSection
EndGlobal
